
Microsoft Visual Studio Solution File, Format Version 12.00
# Visual Studio Version 16
VisualStudioVersion = 16.0.32126.315
MinimumVisualStudioVersion = 10.0.40219.1
Project("{8BC9CEB8-8B4A-11D0-8D11-00A0C91BC942}") = "HomeworkCpp_09_b", "HomeworkCpp_09_b\HomeworkCpp_09_b.vcxproj", "{866849E5-8185-499F-9A3E-9D711DEDB6A4}"
EndProject
Project("{8BC9CEB8-8B4A-11D0-8D11-00A0C91BC942}") = "ConvertLib", "ConvertLib\ConvertLib.vcxproj", "{40613AE6-7ACD-43EB-A41F-D205B2294616}"
EndProject
Project("{8BC9CEB8-8B4A-11D0-8D11-00A0C91BC942}") = "MenuLib", "MenuLib\MenuLib.vcxproj", "{61C0154D-FD97-4E42-A1A7-2A482764833B}"
EndProject
Project("{8BC9CEB8-8B4A-11D0-8D11-00A0C91BC942}") = "TasksLib", "TasksLib\TasksLib.vcxproj", "{90A7B7B4-A743-4379-B0D2-3B5A86F89597}"
EndProject
Global
	GlobalSection(SolutionConfigurationPlatforms) = preSolution
		Debug|x64 = Debug|x64
		Debug|x86 = Debug|x86
		Release|x64 = Release|x64
		Release|x86 = Release|x86
	EndGlobalSection
	GlobalSection(ProjectConfigurationPlatforms) = postSolution
		{866849E5-8185-499F-9A3E-9D711DEDB6A4}.Debug|x64.ActiveCfg = Debug|x64
		{866849E5-8185-499F-9A3E-9D711DEDB6A4}.Debug|x64.Build.0 = Debug|x64
		{866849E5-8185-499F-9A3E-9D711DEDB6A4}.Debug|x86.ActiveCfg = Debug|Win32
		{866849E5-8185-499F-9A3E-9D711DEDB6A4}.Debug|x86.Build.0 = Debug|Win32
		{866849E5-8185-499F-9A3E-9D711DEDB6A4}.Release|x64.ActiveCfg = Release|x64
		{866849E5-8185-499F-9A3E-9D711DEDB6A4}.Release|x64.Build.0 = Release|x64
		{866849E5-8185-499F-9A3E-9D711DEDB6A4}.Release|x86.ActiveCfg = Release|Win32
		{866849E5-8185-499F-9A3E-9D711DEDB6A4}.Release|x86.Build.0 = Release|Win32
		{40613AE6-7ACD-43EB-A41F-D205B2294616}.Debug|x64.ActiveCfg = Debug|x64
		{40613AE6-7ACD-43EB-A41F-D205B2294616}.Debug|x64.Build.0 = Debug|x64
		{40613AE6-7ACD-43EB-A41F-D205B2294616}.Debug|x86.ActiveCfg = Debug|Win32
		{40613AE6-7ACD-43EB-A41F-D205B2294616}.Debug|x86.Build.0 = Debug|Win32
		{40613AE6-7ACD-43EB-A41F-D205B2294616}.Release|x64.ActiveCfg = Release|x64
		{40613AE6-7ACD-43EB-A41F-D205B2294616}.Release|x64.Build.0 = Release|x64
		{40613AE6-7ACD-43EB-A41F-D205B2294616}.Release|x86.ActiveCfg = Release|Win32
		{40613AE6-7ACD-43EB-A41F-D205B2294616}.Release|x86.Build.0 = Release|Win32
		{61C0154D-FD97-4E42-A1A7-2A482764833B}.Debug|x64.ActiveCfg = Debug|x64
		{61C0154D-FD97-4E42-A1A7-2A482764833B}.Debug|x64.Build.0 = Debug|x64
		{61C0154D-FD97-4E42-A1A7-2A482764833B}.Debug|x86.ActiveCfg = Debug|Win32
		{61C0154D-FD97-4E42-A1A7-2A482764833B}.Debug|x86.Build.0 = Debug|Win32
		{61C0154D-FD97-4E42-A1A7-2A482764833B}.Release|x64.ActiveCfg = Release|x64
		{61C0154D-FD97-4E42-A1A7-2A482764833B}.Release|x64.Build.0 = Release|x64
		{61C0154D-FD97-4E42-A1A7-2A482764833B}.Release|x86.ActiveCfg = Release|Win32
		{61C0154D-FD97-4E42-A1A7-2A482764833B}.Release|x86.Build.0 = Release|Win32
		{90A7B7B4-A743-4379-B0D2-3B5A86F89597}.Debug|x64.ActiveCfg = Debug|x64
		{90A7B7B4-A743-4379-B0D2-3B5A86F89597}.Debug|x64.Build.0 = Debug|x64
		{90A7B7B4-A743-4379-B0D2-3B5A86F89597}.Debug|x86.ActiveCfg = Debug|Win32
		{90A7B7B4-A743-4379-B0D2-3B5A86F89597}.Debug|x86.Build.0 = Debug|Win32
		{90A7B7B4-A743-4379-B0D2-3B5A86F89597}.Release|x64.ActiveCfg = Release|x64
		{90A7B7B4-A743-4379-B0D2-3B5A86F89597}.Release|x64.Build.0 = Release|x64
		{90A7B7B4-A743-4379-B0D2-3B5A86F89597}.Release|x86.ActiveCfg = Release|Win32
		{90A7B7B4-A743-4379-B0D2-3B5A86F89597}.Release|x86.Build.0 = Release|Win32
	EndGlobalSection
	GlobalSection(SolutionProperties) = preSolution
		HideSolutionNode = FALSE
	EndGlobalSection
	GlobalSection(ExtensibilityGlobals) = postSolution
		SolutionGuid = {9CF03EB9-C87B-472B-ADBB-45A085E69D53}
	EndGlobalSection
EndGlobal
